
Microsoft Visual Studio Solution File, Format Version 12.00
# Visual Studio Version 16
VisualStudioVersion = 16.0.31410.357
MinimumVisualStudioVersion = 10.0.40219.1
Project("{FAE04EC0-301F-11D3-BF4B-00C04F79EFBC}") = "AdminMenus", "AdminMenus\AdminMenus.csproj", "{5E48C490-1DD7-44A6-A265-8E9484A4B8E8}"
EndProject
Project("{FAE04EC0-301F-11D3-BF4B-00C04F79EFBC}") = "MeneliaAPI Client", "MeneliaAPI Client\MeneliaAPI Client.csproj", "{9150CC1F-05FE-4544-860A-4EB050B30D46}"
EndProject
Project("{FAE04EC0-301F-11D3-BF4B-00C04F79EFBC}") = "MeneliaAPI Entities", "MeneliaAPI Entities\MeneliaAPI Entities.csproj", "{7E5498F7-F6D4-4D20-BA10-1C016C9E79F0}"
EndProject
Project("{FAE04EC0-301F-11D3-BF4B-00C04F79EFBC}") = "MeneliaAPI Server", "MeneliaAPI Server\MeneliaAPI Server.csproj", "{F9F1ED4B-BD7B-4FE4-AC87-C6F376316E2F}"
EndProject
Project("{FAE04EC0-301F-11D3-BF4B-00C04F79EFBC}") = "SManager_Client", "SManager_Client\SManager_Client.csproj", "{7359FF2F-AF21-4C82-B0E1-CAE6F0247BC3}"
EndProject
Project("{FAE04EC0-301F-11D3-BF4B-00C04F79EFBC}") = "SManager_Server", "SManager_Server\SManager_Server.csproj", "{2A989AE2-9B75-4439-A366-7C5F1CD6C8ED}"
EndProject
Global
	GlobalSection(SolutionConfigurationPlatforms) = preSolution
		Debug|Any CPU = Debug|Any CPU
		Release|Any CPU = Release|Any CPU
	EndGlobalSection
	GlobalSection(ProjectConfigurationPlatforms) = postSolution
		{5E48C490-1DD7-44A6-A265-8E9484A4B8E8}.Debug|Any CPU.ActiveCfg = Debug|Any CPU
		{5E48C490-1DD7-44A6-A265-8E9484A4B8E8}.Debug|Any CPU.Build.0 = Debug|Any CPU
		{5E48C490-1DD7-44A6-A265-8E9484A4B8E8}.Release|Any CPU.ActiveCfg = Release|Any CPU
		{5E48C490-1DD7-44A6-A265-8E9484A4B8E8}.Release|Any CPU.Build.0 = Release|Any CPU
		{9150CC1F-05FE-4544-860A-4EB050B30D46}.Debug|Any CPU.ActiveCfg = Debug|Any CPU
		{9150CC1F-05FE-4544-860A-4EB050B30D46}.Debug|Any CPU.Build.0 = Debug|Any CPU
		{9150CC1F-05FE-4544-860A-4EB050B30D46}.Release|Any CPU.ActiveCfg = Release|Any CPU
		{9150CC1F-05FE-4544-860A-4EB050B30D46}.Release|Any CPU.Build.0 = Release|Any CPU
		{7E5498F7-F6D4-4D20-BA10-1C016C9E79F0}.Debug|Any CPU.ActiveCfg = Debug|Any CPU
		{7E5498F7-F6D4-4D20-BA10-1C016C9E79F0}.Debug|Any CPU.Build.0 = Debug|Any CPU
		{7E5498F7-F6D4-4D20-BA10-1C016C9E79F0}.Release|Any CPU.ActiveCfg = Release|Any CPU
		{7E5498F7-F6D4-4D20-BA10-1C016C9E79F0}.Release|Any CPU.Build.0 = Release|Any CPU
		{F9F1ED4B-BD7B-4FE4-AC87-C6F376316E2F}.Debug|Any CPU.ActiveCfg = Debug|Any CPU
		{F9F1ED4B-BD7B-4FE4-AC87-C6F376316E2F}.Debug|Any CPU.Build.0 = Debug|Any CPU
		{F9F1ED4B-BD7B-4FE4-AC87-C6F376316E2F}.Release|Any CPU.ActiveCfg = Release|Any CPU
		{F9F1ED4B-BD7B-4FE4-AC87-C6F376316E2F}.Release|Any CPU.Build.0 = Release|Any CPU
		{7359FF2F-AF21-4C82-B0E1-CAE6F0247BC3}.Debug|Any CPU.ActiveCfg = Debug|Any CPU
		{7359FF2F-AF21-4C82-B0E1-CAE6F0247BC3}.Debug|Any CPU.Build.0 = Debug|Any CPU
		{7359FF2F-AF21-4C82-B0E1-CAE6F0247BC3}.Release|Any CPU.ActiveCfg = Release|Any CPU
		{7359FF2F-AF21-4C82-B0E1-CAE6F0247BC3}.Release|Any CPU.Build.0 = Release|Any CPU
		{2A989AE2-9B75-4439-A366-7C5F1CD6C8ED}.Debug|Any CPU.ActiveCfg = Debug|Any CPU
		{2A989AE2-9B75-4439-A366-7C5F1CD6C8ED}.Debug|Any CPU.Build.0 = Debug|Any CPU
		{2A989AE2-9B75-4439-A366-7C5F1CD6C8ED}.Release|Any CPU.ActiveCfg = Release|Any CPU
		{2A989AE2-9B75-4439-A366-7C5F1CD6C8ED}.Release|Any CPU.Build.0 = Release|Any CPU
	EndGlobalSection
	GlobalSection(SolutionProperties) = preSolution
		HideSolutionNode = FALSE
	EndGlobalSection
	GlobalSection(ExtensibilityGlobals) = postSolution
		SolutionGuid = {8C5B813D-EB70-433F-9C70-7BE9A21516D4}
	EndGlobalSection
EndGlobal
